
Microsoft Visual Studio Solution File, Format Version 12.00
# Visual Studio Version 17
VisualStudioVersion = 17.0.31903.59
MinimumVisualStudioVersion = 10.0.40219.1
Project("{FAE04EC0-301F-11D3-BF4B-00C04F79EFBC}") = "LetterA", "src\LetterA.csproj", "{BA1E0D35-CD6B-4578-B5EE-F729FA465135}"
EndProject
Project("{FAE04EC0-301F-11D3-BF4B-00C04F79EFBC}") = "Tests", "tests\Tests.csproj", "{A8A768FA-2817-4FB4-938C-4050A9A60B2D}"
EndProject
Global
	GlobalSection(SolutionConfigurationPlatforms) = preSolution
		Debug|Any CPU = Debug|Any CPU
		Release|Any CPU = Release|Any CPU
	EndGlobalSection
	GlobalSection(SolutionProperties) = preSolution
		HideSolutionNode = FALSE
	EndGlobalSection
	GlobalSection(ProjectConfigurationPlatforms) = postSolution
		{BA1E0D35-CD6B-4578-B5EE-F729FA465135}.Debug|Any CPU.ActiveCfg = Debug|Any CPU
		{BA1E0D35-CD6B-4578-B5EE-F729FA465135}.Debug|Any CPU.Build.0 = Debug|Any CPU
		{BA1E0D35-CD6B-4578-B5EE-F729FA465135}.Release|Any CPU.ActiveCfg = Release|Any CPU
		{BA1E0D35-CD6B-4578-B5EE-F729FA465135}.Release|Any CPU.Build.0 = Release|Any CPU
		{A8A768FA-2817-4FB4-938C-4050A9A60B2D}.Debug|Any CPU.ActiveCfg = Debug|Any CPU
		{A8A768FA-2817-4FB4-938C-4050A9A60B2D}.Debug|Any CPU.Build.0 = Debug|Any CPU
		{A8A768FA-2817-4FB4-938C-4050A9A60B2D}.Release|Any CPU.ActiveCfg = Release|Any CPU
		{A8A768FA-2817-4FB4-938C-4050A9A60B2D}.Release|Any CPU.Build.0 = Release|Any CPU
	EndGlobalSection
EndGlobal
